
Microsoft Visual Studio Solution File, Format Version 12.00
# Visual Studio Version 17
VisualStudioVersion = 17.5.002.0
MinimumVisualStudioVersion = 10.0.40219.1
Project("{9A19103F-16F7-4668-BE54-9A1E7A4F7556}") = "TIdentity", "TIdentity.csproj", "{EA0CE0EE-F67B-46FB-B7E0-12A1702732AC}"
EndProject
Global
	GlobalSection(SolutionConfigurationPlatforms) = preSolution
		Debug|Any CPU = Debug|Any CPU
		Release|Any CPU = Release|Any CPU
	EndGlobalSection
	GlobalSection(ProjectConfigurationPlatforms) = postSolution
		{EA0CE0EE-F67B-46FB-B7E0-12A1702732AC}.Debug|Any CPU.ActiveCfg = Debug|Any CPU
		{EA0CE0EE-F67B-46FB-B7E0-12A1702732AC}.Debug|Any CPU.Build.0 = Debug|Any CPU
		{EA0CE0EE-F67B-46FB-B7E0-12A1702732AC}.Release|Any CPU.ActiveCfg = Release|Any CPU
		{EA0CE0EE-F67B-46FB-B7E0-12A1702732AC}.Release|Any CPU.Build.0 = Release|Any CPU
	EndGlobalSection
	GlobalSection(SolutionProperties) = preSolution
		HideSolutionNode = FALSE
	EndGlobalSection
	GlobalSection(ExtensibilityGlobals) = postSolution
		SolutionGuid = {1F75F6CB-1F9D-42D1-9F4B-5E3F963E0C61}
	EndGlobalSection
EndGlobal
